
Microsoft Visual Studio Solution File, Format Version 12.00
# Visual Studio 15
VisualStudioVersion = 15.0.28307.489
MinimumVisualStudioVersion = 10.0.40219.1
Project("{FAE04EC0-301F-11D3-BF4B-00C04F79EFBC}") = "ecomITP390", "ecomITP390\ecomITP390.csproj", "{EBC37D19-388F-463B-A8AB-09787C605D31}"
EndProject
Global
	GlobalSection(SolutionConfigurationPlatforms) = preSolution
		Debug|Any CPU = Debug|Any CPU
		Release|Any CPU = Release|Any CPU
	EndGlobalSection
	GlobalSection(ProjectConfigurationPlatforms) = postSolution
		{EBC37D19-388F-463B-A8AB-09787C605D31}.Debug|Any CPU.ActiveCfg = Debug|Any CPU
		{EBC37D19-388F-463B-A8AB-09787C605D31}.Debug|Any CPU.Build.0 = Debug|Any CPU
		{EBC37D19-388F-463B-A8AB-09787C605D31}.Release|Any CPU.ActiveCfg = Release|Any CPU
		{EBC37D19-388F-463B-A8AB-09787C605D31}.Release|Any CPU.Build.0 = Release|Any CPU
	EndGlobalSection
	GlobalSection(SolutionProperties) = preSolution
		HideSolutionNode = FALSE
	EndGlobalSection
	GlobalSection(ExtensibilityGlobals) = postSolution
		SolutionGuid = {FCBDC9B3-8AA3-4AE0-B174-47EF53707714}
	EndGlobalSection
EndGlobal
